
Microsoft Visual Studio Solution File, Format Version 12.00
# Visual Studio Version 17
VisualStudioVersion = 17.9.34728.123
MinimumVisualStudioVersion = 10.0.40219.1
Project("{FAE04EC0-301F-11D3-BF4B-00C04F79EFBC}") = "FashionWeek", "FashionWeek\FashionWeek.csproj", "{24ED63A2-3CD0-4B56-9566-5490C582E670}"
EndProject
Global
	GlobalSection(SolutionConfigurationPlatforms) = preSolution
		Debug|Any CPU = Debug|Any CPU
		Release|Any CPU = Release|Any CPU
	EndGlobalSection
	GlobalSection(ProjectConfigurationPlatforms) = postSolution
		{24ED63A2-3CD0-4B56-9566-5490C582E670}.Debug|Any CPU.ActiveCfg = Debug|Any CPU
		{24ED63A2-3CD0-4B56-9566-5490C582E670}.Debug|Any CPU.Build.0 = Debug|Any CPU
		{24ED63A2-3CD0-4B56-9566-5490C582E670}.Release|Any CPU.ActiveCfg = Release|Any CPU
		{24ED63A2-3CD0-4B56-9566-5490C582E670}.Release|Any CPU.Build.0 = Release|Any CPU
	EndGlobalSection
	GlobalSection(SolutionProperties) = preSolution
		HideSolutionNode = FALSE
	EndGlobalSection
	GlobalSection(ExtensibilityGlobals) = postSolution
		SolutionGuid = {E44B476C-31EC-46B8-B0B0-A45F16C544DA}
	EndGlobalSection
EndGlobal
